
Microsoft Visual Studio Solution File, Format Version 12.00
# Visual Studio Version 17
VisualStudioVersion = 17.1.32328.378
MinimumVisualStudioVersion = 10.0.40219.1
Project("{FAE04EC0-301F-11D3-BF4B-00C04F79EFBC}") = "ASCII ART 2", "ASCII ART 2\ASCII ART 2.csproj", "{87AEA8F9-AD12-47A8-AB33-3345C5AFF72E}"
EndProject
Global
	GlobalSection(SolutionConfigurationPlatforms) = preSolution
		Debug|Any CPU = Debug|Any CPU
		Release|Any CPU = Release|Any CPU
	EndGlobalSection
	GlobalSection(ProjectConfigurationPlatforms) = postSolution
		{87AEA8F9-AD12-47A8-AB33-3345C5AFF72E}.Debug|Any CPU.ActiveCfg = Debug|Any CPU
		{87AEA8F9-AD12-47A8-AB33-3345C5AFF72E}.Debug|Any CPU.Build.0 = Debug|Any CPU
		{87AEA8F9-AD12-47A8-AB33-3345C5AFF72E}.Release|Any CPU.ActiveCfg = Release|Any CPU
		{87AEA8F9-AD12-47A8-AB33-3345C5AFF72E}.Release|Any CPU.Build.0 = Release|Any CPU
	EndGlobalSection
	GlobalSection(SolutionProperties) = preSolution
		HideSolutionNode = FALSE
	EndGlobalSection
	GlobalSection(ExtensibilityGlobals) = postSolution
		SolutionGuid = {A0236462-080B-404E-B327-D171F1653886}
	EndGlobalSection
EndGlobal
